<Project xmlns="http://schemas.microsoft.com/developer/msbuild/2003">
    <PropertyGroup>
        <Base>True</Base>
        <AppType>Application</AppType>
        <Config Condition="'$(Config)'==''">Debug</Config>
        <FrameworkType>VCL</FrameworkType>
        <MainSource>FlixLLCPL.dpr</MainSource>
        <Platform Condition="'$(Platform)'==''">Win32</Platform>
        <ProjectGuid>{A942C2EB-6E3B-4F93-A04A-02BDFE3BC693}</ProjectGuid>
        <ProjectVersion>19.5</ProjectVersion>
        <TargetedPlatforms>1</TargetedPlatforms>
    </PropertyGroup>
    <PropertyGroup Condition="'$(Config)'=='Base' or '$(Base)'!=''">
        <Base>true</Base>
    </PropertyGroup>
    <PropertyGroup Condition="('$(Platform)'=='Win32' and '$(Base)'=='true') or '$(Base_Win32)'!=''">
        <Base_Win32>true</Base_Win32>
        <CfgParent>Base</CfgParent>
        <Base>true</Base>
    </PropertyGroup>
    <PropertyGroup Condition="'$(Config)'=='Debug' or '$(Cfg_1)'!=''">
        <Cfg_1>true</Cfg_1>
        <CfgParent>Base</CfgParent>
        <Base>true</Base>
    </PropertyGroup>
    <PropertyGroup Condition="('$(Platform)'=='Win32' and '$(Cfg_1)'=='true') or '$(Cfg_1_Win32)'!=''">
        <Cfg_1_Win32>true</Cfg_1_Win32>
        <CfgParent>Cfg_1</CfgParent>
        <Cfg_1>true</Cfg_1>
        <Base>true</Base>
    </PropertyGroup>
    <PropertyGroup Condition="'$(Config)'=='Release' or '$(Cfg_2)'!=''">
        <Cfg_2>true</Cfg_2>
        <CfgParent>Base</CfgParent>
        <Base>true</Base>
    </PropertyGroup>
    <PropertyGroup Condition="('$(Platform)'=='Win32' and '$(Cfg_2)'=='true') or '$(Cfg_2_Win32)'!=''">
        <Cfg_2_Win32>true</Cfg_2_Win32>
        <CfgParent>Cfg_2</CfgParent>
        <Cfg_2>true</Cfg_2>
        <Base>true</Base>
    </PropertyGroup>
    <PropertyGroup Condition="'$(Base)'!=''">
        <SanitizedProjectName>FlixLLCPL</SanitizedProjectName>
        <DCC_DcuOutput>.\$(Platform)\$(Config)</DCC_DcuOutput>
        <DCC_ExeOutput>.\$(Platform)\$(Config)</DCC_ExeOutput>
        <DCC_Namespace>System;Xml;Data;Datasnap;Web;Soap;Vcl;Vcl.Imaging;Vcl.Touch;Vcl.Samples;Vcl.Shell;$(DCC_Namespace)</DCC_Namespace>
        <Icon_MainIcon>$(BDS)\bin\delphi_PROJECTICON.ico</Icon_MainIcon>
    </PropertyGroup>
    <PropertyGroup Condition="'$(Base_Win32)'!=''">
        <AppDPIAwarenessMode>none</AppDPIAwarenessMode>
        <BT_BuildType>Debug</BT_BuildType>
        <DCC_ExeOutput>..\bin</DCC_ExeOutput>
        <DCC_Namespace>Winapi;System.Win;Data.Win;Datasnap.Win;Web.Win;Soap.Win;Xml.Win;Bde;$(DCC_Namespace)</DCC_Namespace>
        <DCC_UnitSearchPath>..\..\bpl\src;..\..\components;$(DCC_UnitSearchPath)</DCC_UnitSearchPath>
        <DCC_UsePackage>vclwinx;DataSnapServer;TMSLogging;fmx;emshosting;vclie;DbxCommonDriver;bindengine;IndyIPCommon;VCLRESTComponents;DBXMSSQLDriver;FireDACCommonODBC;emsclient;FireDACCommonDriver;FMXTMSFNCMapsPkgDXE14;appanalytics;IndyProtocols;vclx;aurelius;sparkle;IndyIPClient;dbxcds;vcledge;bindcompvclwinx;emsedge;bindcompfmx;DBXFirebirdDriver;TMSVCLUIPackPkgDXE14;inetdb;FireDACSqliteDriver;DbxClientDriver;FireDACASADriver;soapmidas;vclactnband;fmxFireDAC;dbexpress;FireDACInfxDriver;DBXMySQLDriver;VclSmp;inet;DataSnapCommon;vcltouch;fmxase;TMSWEBCorePkgLibDXE14;VCLTMSFNCMapsPkgDXE14;DBXOdbcDriver;dbrtl;FireDACDBXDriver;FireDACOracleDriver;TMSWEBCorePkgDXE14;fmxdae;FireDACMSAccDriver;tmsbcl;CustomIPTransport;FireDACMSSQLDriver;DataSnapIndy10ServerTransport;DataSnapConnectors;vcldsnap;DBXInterBaseDriver;FireDACMongoDBDriver;IndySystem;FireDACTDataDriver;VCLTMSFNCCorePkgDXE14;vcldb;vclFireDAC;FMXTMSFNCCorePkgDXE14;bindcomp;FireDACCommon;DataSnapServerMidas;FireDACODBCDriver;emsserverresource;IndyCore;RESTBackendComponents;bindcompdbx;rtl;FireDACMySQLDriver;FireDACADSDriver;RESTComponents;DBXSqliteDriver;vcl;IndyIPServer;dsnapxml;dsnapcon;DataSnapClient;DataSnapProviderClient;adortl;TMSVCLUIPackPkgWizDXE14;TMSVCLUIPackPkgExDXE14;DBXSybaseASEDriver;DBXDb2Driver;vclimg;DataSnapFireDAC;emsclientfiredac;FireDACPgDriver;FireDAC;FireDACDSDriver;inetdbxpress;xmlrtl;tethering;TMSVCLUIPackPkgXlsDXE14;bindcompvcl;dsnap;xdata;CloudService;DBXSybaseASADriver;DBXOracleDriver;FireDACDb2Driver;DBXInformixDriver;fmxobj;bindcompvclsmp;DataSnapNativeClient;DatasnapConnectorsFreePascal;soaprtl;soapserver;FireDACIBDriver;$(DCC_UsePackage)</DCC_UsePackage>
        <Manifest_File>$(BDS)\bin\default_app.manifest</Manifest_File>
        <VerInfo_AutoIncVersion>true</VerInfo_AutoIncVersion>
        <VerInfo_IncludeVerInfo>true</VerInfo_IncludeVerInfo>
        <VerInfo_Keys>CompanyName=FlixEngineering, LLC;FileDescription=$(MSBuildProjectName);FileVersion=0.0.1.0;InternalName=;LegalCopyright=;LegalTrademarks=;OriginalFilename=;ProgramID=com.embarcadero.$(MSBuildProjectName);ProductName=Flix LLC Profit &amp; Loss;ProductVersion=1.0.0.0;Comments=</VerInfo_Keys>
        <VerInfo_Locale>1033</VerInfo_Locale>
        <VerInfo_MajorVer>0</VerInfo_MajorVer>
        <VerInfo_Release>1</VerInfo_Release>
    </PropertyGroup>
    <PropertyGroup Condition="'$(Cfg_1)'!=''">
        <DCC_DebugDCUs>true</DCC_DebugDCUs>
        <DCC_DebugInfoInExe>true</DCC_DebugInfoInExe>
        <DCC_Define>DEBUG;$(DCC_Define)</DCC_Define>
        <DCC_GenerateStackFrames>true</DCC_GenerateStackFrames>
        <DCC_IntegerOverflowCheck>true</DCC_IntegerOverflowCheck>
        <DCC_Optimize>false</DCC_Optimize>
        <DCC_RangeChecking>true</DCC_RangeChecking>
        <DCC_RemoteDebug>true</DCC_RemoteDebug>
    </PropertyGroup>
    <PropertyGroup Condition="'$(Cfg_1_Win32)'!=''">
        <AppDPIAwarenessMode>PerMonitorV2</AppDPIAwarenessMode>
        <DCC_RemoteDebug>false</DCC_RemoteDebug>
        <VerInfo_AutoIncVersion>true</VerInfo_AutoIncVersion>
        <VerInfo_Build>29</VerInfo_Build>
        <VerInfo_IncludeVerInfo>true</VerInfo_IncludeVerInfo>
        <VerInfo_Keys>CompanyName=FlixEngineering, LLC;FileDescription=$(MSBuildProjectName);FileVersion=0.0.1.29;InternalName=;LegalCopyright=;LegalTrademarks=;OriginalFilename=;ProgramID=com.embarcadero.$(MSBuildProjectName);ProductName=Flix LLC Profit &amp; Loss;ProductVersion=1.0.0.0;Comments=</VerInfo_Keys>
        <VerInfo_Locale>1033</VerInfo_Locale>
        <VerInfo_MajorVer>0</VerInfo_MajorVer>
        <VerInfo_Release>1</VerInfo_Release>
    </PropertyGroup>
    <PropertyGroup Condition="'$(Cfg_2)'!=''">
        <DCC_DebugInformation>0</DCC_DebugInformation>
        <DCC_Define>RELEASE;$(DCC_Define)</DCC_Define>
        <DCC_LocalDebugSymbols>false</DCC_LocalDebugSymbols>
        <DCC_SymbolReferenceInfo>0</DCC_SymbolReferenceInfo>
    </PropertyGroup>
    <PropertyGroup Condition="'$(Cfg_2_Win32)'!=''">
        <AppDPIAwarenessMode>PerMonitorV2</AppDPIAwarenessMode>
    </PropertyGroup>
    <ItemGroup>
        <DelphiCompile Include="$(MainSource)">
            <MainSource>MainSource</MainSource>
        </DelphiCompile>
        <RcCompile Include="resources.rc">
            <Form>resources.res</Form>
        </RcCompile>
        <DCCReference Include="forms\UFrmMain.pas">
            <Form>FrmMain</Form>
        </DCCReference>
        <DCCReference Include="globals\UAppGlobals.pas"/>
        <DCCReference Include="db\UDataManager.pas">
            <Form>DataManager</Form>
            <DesignClass>TDataModule</DesignClass>
        </DCCReference>
        <DCCReference Include="db\UDataImportManager.pas"/>
        <DCCReference Include="forms\UFrmBase.pas">
            <Form>FrmBase</Form>
        </DCCReference>
        <DCCReference Include="forms\UFrmTransactions.pas">
            <Form>FrmTransactions</Form>
        </DCCReference>
        <DCCReference Include="forms\UFrmReportImport.pas">
            <Form>FrmReportImport</Form>
        </DCCReference>
        <DCCReference Include="UReportManager.pas">
            <Form>ReportManager</Form>
            <DesignClass>TDataModule</DesignClass>
        </DCCReference>
        <DCCReference Include="forms\UFrmCustomer.pas">
            <Form>FrmCustomer</Form>
        </DCCReference>
        <DCCReference Include="forms\UFrmInvoices.pas">
            <Form>FrmInvoices</Form>
        </DCCReference>
        <DCCReference Include="forms\UFrmInvoice.pas">
            <Form>FrmInvoice</Form>
        </DCCReference>
        <DCCReference Include="recycle\UFrmInvoiceGrid.pas">
            <Form>FrmBase1</Form>
        </DCCReference>
        <DCCReference Include="UInvoicePrinter.pas"/>
        <DCCReference Include="forms\UFrmEditMemoField.pas">
            <Form>FrmEditMemoField</Form>
            <FormType>dfm</FormType>
        </DCCReference>
        <DCCReference Include="forms\UFrmReportPreview.pas">
            <Form>FrmReportPreview</Form>
            <FormType>dfm</FormType>
        </DCCReference>
        <DCCReference Include="forms\UFrmPayments.pas">
            <Form>FrmPayments</Form>
            <FormType>dfm</FormType>
        </DCCReference>
        <DCCReference Include="globals\UAppSettings.pas"/>
        <DCCReference Include="UInvoiceProcessor.pas"/>
        <DCCReference Include="forms\UFrmQuickItems.pas">
            <Form>FrmQuickItems</Form>
            <FormType>dfm</FormType>
        </DCCReference>
        <DCCReference Include="UBoAImporter.pas"/>
        <DCCReference Include="forms\UFrmReportHost.pas">
            <Form>FrmReportHost</Form>
            <FormType>dfm</FormType>
        </DCCReference>
        <DCCReference Include="globals\UReportInterfaces.pas"/>
        <DCCReference Include="forms\UFrmReportCustomers.pas">
            <Form>FrmReportCustomers</Form>
            <FormType>dfm</FormType>
        </DCCReference>
        <DCCReference Include="forms\UFrmReportProfitLoss.pas">
            <Form>FrmReportProfitLoss</Form>
            <FormType>dfm</FormType>
        </DCCReference>
        <BuildConfiguration Include="Base">
            <Key>Base</Key>
        </BuildConfiguration>
        <BuildConfiguration Include="Debug">
            <Key>Cfg_1</Key>
            <CfgParent>Base</CfgParent>
        </BuildConfiguration>
        <BuildConfiguration Include="Release">
            <Key>Cfg_2</Key>
            <CfgParent>Base</CfgParent>
        </BuildConfiguration>
    </ItemGroup>
    <ProjectExtensions>
        <Borland.Personality>Delphi.Personality.12</Borland.Personality>
        <Borland.ProjectType>Application</Borland.ProjectType>
        <BorlandProject>
            <Delphi.Personality>
                <Source>
                    <Source Name="MainSource">FlixLLCPL.dpr</Source>
                </Source>
                <Excluded_Packages/>
            </Delphi.Personality>
            <Platforms>
                <Platform value="Win32">True</Platform>
                <Platform value="Win64">False</Platform>
            </Platforms>
            <ModelSupport>False</ModelSupport>
        </BorlandProject>
        <ProjectFileVersion>12</ProjectFileVersion>
    </ProjectExtensions>
    <Import Project="$(BDS)\Bin\CodeGear.Delphi.Targets" Condition="Exists('$(BDS)\Bin\CodeGear.Delphi.Targets')"/>
    <Import Project="$(APPDATA)\Embarcadero\$(BDSAPPDATABASEDIR)\$(PRODUCTVERSION)\UserTools.proj" Condition="Exists('$(APPDATA)\Embarcadero\$(BDSAPPDATABASEDIR)\$(PRODUCTVERSION)\UserTools.proj')"/>
    <Import Project="$(MSBuildProjectName).deployproj" Condition="Exists('$(MSBuildProjectName).deployproj')"/>
</Project>
